# THIS IS AN AUTOGENERATED FILE. DO NOT EDIT THIS FILE DIRECTLY.
# yarn lockfile v1


async@^2.4.1:
  version "2.4.1"
  resolved "https://registry.yarnpkg.com/async/-/async-2.4.1.tgz#62a56b279c98a11d0987096a01cc3eeb8eb7bbd7"
  dependencies:
    lodash "^4.14.0"

bluebird@^3.1.1:
  version "3.5.0"
  resolved "https://registry.yarnpkg.com/bluebird/-/bluebird-3.5.0.tgz#791420d7f551eea2897453a8a77653f96606d67c"

consolidate@~0.14.0:
  version "0.14.5"
  resolved "https://registry.yarnpkg.com/consolidate/-/consolidate-0.14.5.tgz#5a25047bc76f73072667c8cb52c989888f494c63"
  dependencies:
    bluebird "^3.1.1"

gulp-consolidate@^0.2.0:
  version "0.2.0"
  resolved "https://registry.yarnpkg.com/gulp-consolidate/-/gulp-consolidate-0.2.0.tgz#ef373b6134af31b0f8c51f5eb55faa0bd754df52"
  dependencies:
    consolidate "~0.14.0"
    map-stream "0.0.4"

lodash@^4.14.0:
  version "4.17.4"
  resolved "https://registry.yarnpkg.com/lodash/-/lodash-4.17.4.tgz#78203a4d1c328ae1d86dca6460e369b57f4055ae"

map-stream@0.0.4:
  version "0.0.4"
  resolved "https://registry.yarnpkg.com/map-stream/-/map-stream-0.0.4.tgz#5ec6de90213ef6c7b2eb9367e9ade8da4efdb68b"
